<Solution>
  <Project Path="SportsBookingSystem.Application/SportsBookingSystem.Application.csproj" />
  <Project Path="SportsBookingSystem.Core/SportsBookingSystem.Core.csproj" />
  <Project Path="SportsBookingSystem.Infrastructure/SportsBookingSystem.Infrastructure.csproj" />
  <Project Path="SportsBookingSystem.SharedKernel/SportsBookingSystem.SharedKernel.csproj" />
  <Project Path="SportsBookingSystem.WebAPI/SportsBookingSystem.WebAPI.csproj" />
  <Project Path="VNPAY.NET/VNPAY.NET.csproj" />
</Solution>
